
Microsoft Visual Studio Solution File, Format Version 12.00
# Visual Studio Version 16
VisualStudioVersion = 16.0.30413.136
MinimumVisualStudioVersion = 10.0.40219.1
Project("{FAE04EC0-301F-11D3-BF4B-00C04F79EFBC}") = "Assignment 1", "Assignment 1.csproj", "{79DEF370-E087-4C46-8465-7934B387ED2A}"
EndProject
Global
	GlobalSection(SolutionConfigurationPlatforms) = preSolution
		Debug|Any CPU = Debug|Any CPU
		Release|Any CPU = Release|Any CPU
	EndGlobalSection
	GlobalSection(ProjectConfigurationPlatforms) = postSolution
		{79DEF370-E087-4C46-8465-7934B387ED2A}.Debug|Any CPU.ActiveCfg = Debug|Any CPU
		{79DEF370-E087-4C46-8465-7934B387ED2A}.Debug|Any CPU.Build.0 = Debug|Any CPU
		{79DEF370-E087-4C46-8465-7934B387ED2A}.Release|Any CPU.ActiveCfg = Release|Any CPU
		{79DEF370-E087-4C46-8465-7934B387ED2A}.Release|Any CPU.Build.0 = Release|Any CPU
	EndGlobalSection
	GlobalSection(SolutionProperties) = preSolution
		HideSolutionNode = FALSE
	EndGlobalSection
	GlobalSection(ExtensibilityGlobals) = postSolution
		SolutionGuid = {F1768981-3C3C-4081-B4A3-AA049248E926}
	EndGlobalSection
EndGlobal
